{
    "name": "@azleur/game-loop",
    "version": "0.0.0",
    "lockfileVersion": 1,
    "requires": true,
    "dependencies": {
        "@azleur/rect": {
            "version": "0.1.2",
            "resolved": "https://registry.npmjs.org/@azleur/rect/-/rect-0.1.2.tgz",
            "integrity": "sha512-PLi9vYzCIjLHTHACmOuxxXSQ6hFem6jdIDwiTUpAd0p+JVntcl7Zg3JlaRIwzywxL6OnVSfLLKfn67UYusyfGg==",
            "dev": true,
            "requires": {
                "@azleur/vec2": "^0.1.5"
            }
        },
        "@azleur/scaling-canvas": {
            "version": "0.1.3",
            "resolved": "https://registry.npmjs.org/@azleur/scaling-canvas/-/scaling-canvas-0.1.3.tgz",
            "integrity": "sha512-oOL7LNinuXw16V1fNl/2qoxxSJdGRwN4h60/T7u1Mke4SrcaOK6fTPKK5Ruy0WivuOm7fjkFJqI4Hbfv5vCWsg==",
            "dev": true,
            "requires": {
                "@azleur/rect": "^0.1.2",
                "@azleur/transform": "^0.2.3",
                "@azleur/vec2": "^0.1.5"
            }
        },
        "@azleur/transform": {
            "version": "0.2.3",
            "resolved": "https://registry.npmjs.org/@azleur/transform/-/transform-0.2.3.tgz",
            "integrity": "sha512-m5suhKe88f0n65WAEZ3xOTVbRsS7UQAgcYsUyKke9NL1/Wm3N8+nt4XUgOrXqfd/sX70J01jG5iS7VL0QHSamg==",
            "dev": true,
            "requires": {
                "@azleur/rect": "^0.1.0",
                "@azleur/vec2": "^0.1.1"
            }
        },
        "@azleur/vec2": {
            "version": "0.1.5",
            "resolved": "https://registry.npmjs.org/@azleur/vec2/-/vec2-0.1.5.tgz",
            "integrity": "sha512-Ds/SzP3bOffrVHwvMZ+99xO6NBuPopTxG5+Zgd8D0B7UAUEu5NklKqHrzlnVxK9Xu04coyG59Xr0jomQVTQMdQ==",
            "dev": true
        },
        "typescript": {
            "version": "3.9.5",
            "resolved": "https://registry.npmjs.org/typescript/-/typescript-3.9.5.tgz",
            "integrity": "sha512-hSAifV3k+i6lEoCJ2k6R2Z/rp/H3+8sdmcn5NrS3/3kE7+RyZXm9aqvxWqjEXHAd8b0pShatpcdMTvEdvAJltQ==",
            "dev": true
        },
        "uglify-js": {
            "version": "3.10.0",
            "resolved": "https://registry.npmjs.org/uglify-js/-/uglify-js-3.10.0.tgz",
            "integrity": "sha512-Esj5HG5WAyrLIdYU74Z3JdG2PxdIusvj6IWHMtlyESxc7kcDz7zYlYjpnSokn1UbpV0d/QX9fan7gkCNd/9BQA==",
            "dev": true
        }
    }
}
