# THIS IS AN AUTOGENERATED FILE. DO NOT EDIT THIS FILE DIRECTLY.
# yarn lockfile v1


"@azleur/rect@^0.1.3", "@azleur/rect@^0.1.4":
  version "0.1.4"
  resolved "https://registry.yarnpkg.com/@azleur/rect/-/rect-0.1.4.tgz#b5382afac871e1c741957d6cd03b2348ea51efda"
  integrity sha512-omkVkd2u/kLMZ99wlWeODIDv4LCMFto68MWHlBE+7lELNok+0l1jM3JOFDFtYsPUp8Asum76p2/o4IFEC+zKBw==
  dependencies:
    "@azleur/vec2" "^0.2.2"

"@azleur/scaling-canvas@^0.1.5":
  version "0.1.5"
  resolved "https://registry.yarnpkg.com/@azleur/scaling-canvas/-/scaling-canvas-0.1.5.tgz#012970aa6aeecc805ca46faeaa26e02dc45b3c42"
  integrity sha512-TIeb/kDhegjBaZz6qyTnVkHhRxskgOUtOt9JvdPJ/HxZQV9FXXn0PY+3/hzfZYTNQoMz7fXQSGhDHGWPJvPTpg==
  dependencies:
    "@azleur/rect" "^0.1.3"
    "@azleur/transform" "^0.2.3"
    "@azleur/vec2" "^0.2.2"

"@azleur/transform@^0.2.3":
  version "0.2.4"
  resolved "https://registry.yarnpkg.com/@azleur/transform/-/transform-0.2.4.tgz#f6aa61a809660cff23c3ebba941558f6fb982e81"
  integrity sha512-JkX7Vb0ykrfnxhHH9KfSHJ1hk148WxuhbYQ/MHFMFrg3UbZuLC8LxN7PB9l0IlIvVqmGu54rmAMJ2jFzwqCt/g==
  dependencies:
    "@azleur/rect" "^0.1.3"
    "@azleur/vec2" "^0.2.1"

"@azleur/vec2@^0.2.1", "@azleur/vec2@^0.2.2":
  version "0.2.2"
  resolved "https://registry.yarnpkg.com/@azleur/vec2/-/vec2-0.2.2.tgz#e53834c546cbf844d9d7c9ea9a3a1b838266e577"
  integrity sha512-XwmNBy2sWc8cNuSwHK8GeyxHM51FlNVVkw9rr+DPi0Exbd+61CZsgx0qeEl2lj0c2RLYfjExwlL3NVBxyWltAA==

typescript@^3.9.7:
  version "3.9.7"
  resolved "https://registry.yarnpkg.com/typescript/-/typescript-3.9.7.tgz#98d600a5ebdc38f40cb277522f12dc800e9e25fa"
  integrity sha512-BLbiRkiBzAwsjut4x/dsibSTB6yWpwT5qWmC2OfuCg3GgVQCSgMs4vEctYPhsaGtd0AeuuHMkjZ2h2WG8MSzRw==
