# THIS IS AN AUTOGENERATED FILE. DO NOT EDIT THIS FILE DIRECTLY.
# yarn lockfile v1


"@azleur/rect@^0.1.4", "@azleur/rect@^0.1.5":
  version "0.1.5"
  resolved "https://registry.yarnpkg.com/@azleur/rect/-/rect-0.1.5.tgz#dcd3b19eff97e152c33dd0be2ec39cf2e26d1f09"
  integrity sha512-zh54RFcmYfS/45W1HH/yVHOxRKREkN4f8rBU4ukaLdVGxgNymcWp9XSPy1zBcEXSN+E3PHbmbIBeHMkSQD0w3g==
  dependencies:
    "@azleur/vec2" "^0.2.3"

"@azleur/scaling-canvas@^0.1.6":
  version "0.1.7"
  resolved "https://registry.yarnpkg.com/@azleur/scaling-canvas/-/scaling-canvas-0.1.7.tgz#1330627360e44c30e900bf6ede4a92e86c7a07a7"
  integrity sha512-aIiobgX/FX9DXMFqd+vM+5VuIuyf54/Kg3Es3nYjJo7hFvbEHZKn+CnaR4ASstzZ3eza8GANl3jUWQErbu52RQ==
  dependencies:
    "@azleur/rect" "^0.1.5"
    "@azleur/transform" "^0.2.5"
    "@azleur/vec2" "^0.2.3"

"@azleur/transform@^0.2.5":
  version "0.2.5"
  resolved "https://registry.yarnpkg.com/@azleur/transform/-/transform-0.2.5.tgz#913c8cefe4f54e12035346c1bcd6264a1291cb48"
  integrity sha512-Plb0WUVBhl2pxocYvidf9142T/Ko6yo93EUe0SuMjDyuUmzVXPagsi3lm4VIvJITxpjHLzKKBQPNWfmccyVHiA==
  dependencies:
    "@azleur/rect" "^0.1.5"
    "@azleur/vec2" "^0.2.3"

"@azleur/vec2@^0.2.3":
  version "0.2.5"
  resolved "https://registry.yarnpkg.com/@azleur/vec2/-/vec2-0.2.5.tgz#66a42ba2b312185dd62903cd10971c713880c1fd"
  integrity sha512-UdBh0VuIWMzCFXR7nIZteQ1xWIHWzPjyYFTUzxOKmopQFMY9kfUpU/gaQ5j9JUYRtSzsp2RAUQ8/yAIcHLjbcA==

typescript@^3.9.7:
  version "3.9.7"
  resolved "https://registry.yarnpkg.com/typescript/-/typescript-3.9.7.tgz#98d600a5ebdc38f40cb277522f12dc800e9e25fa"
  integrity sha512-BLbiRkiBzAwsjut4x/dsibSTB6yWpwT5qWmC2OfuCg3GgVQCSgMs4vEctYPhsaGtd0AeuuHMkjZ2h2WG8MSzRw==
